
Microsoft Visual Studio Solution File, Format Version 12.00
# Visual Studio Version 17
VisualStudioVersion = 17.2.32630.192
MinimumVisualStudioVersion = 10.0.40219.1
Project("{FAE04EC0-301F-11D3-BF4B-00C04F79EFBC}") = "HelloWorld5", "HelloWorld5\HelloWorld5.csproj", "{B0BE6CE3-9479-42FD-9877-1B3D8FF44620}"
EndProject
Global
	GlobalSection(SolutionConfigurationPlatforms) = preSolution
		Debug|Any CPU = Debug|Any CPU
		Release|Any CPU = Release|Any CPU
	EndGlobalSection
	GlobalSection(ProjectConfigurationPlatforms) = postSolution
		{B0BE6CE3-9479-42FD-9877-1B3D8FF44620}.Debug|Any CPU.ActiveCfg = Debug|Any CPU
		{B0BE6CE3-9479-42FD-9877-1B3D8FF44620}.Debug|Any CPU.Build.0 = Debug|Any CPU
		{B0BE6CE3-9479-42FD-9877-1B3D8FF44620}.Release|Any CPU.ActiveCfg = Release|Any CPU
		{B0BE6CE3-9479-42FD-9877-1B3D8FF44620}.Release|Any CPU.Build.0 = Release|Any CPU
	EndGlobalSection
	GlobalSection(SolutionProperties) = preSolution
		HideSolutionNode = FALSE
	EndGlobalSection
	GlobalSection(ExtensibilityGlobals) = postSolution
		SolutionGuid = {C69428D3-BB50-4ABA-BE8D-C421260409BE}
	EndGlobalSection
EndGlobal
